
Microsoft Visual Studio Solution File, Format Version 11.00
# Visual Studio 2010
Project("{8BC9CEB8-8B4A-11D0-8D11-00A0C91BC942}") = "3d", "3d.vcxproj", "{4B2045DC-797D-417B-B073-01BF126BB86D}"
EndProject
Project("{8BC9CEB8-8B4A-11D0-8D11-00A0C91BC942}") = "3d_multi", "3d_multi.vcxproj", "{5DC3F5CC-E82C-421C-B29E-EAF18B6FF27D}"
EndProject
Project("{8BC9CEB8-8B4A-11D0-8D11-00A0C91BC942}") = "event_parameter", "event_parameter.vcxproj", "{DDD92CDD-E68F-4ECC-829F-AC26AC658DD6}"
EndProject
Project("{8BC9CEB8-8B4A-11D0-8D11-00A0C91BC942}") = "load_banks", "load_banks.vcxproj", "{5E91AF87-C628-4482-9BED-D96DE16A62C2}"
EndProject
Project("{8BC9CEB8-8B4A-11D0-8D11-00A0C91BC942}") = "music_callbacks", "music_callbacks.vcxproj", "{0779621A-213F-4B2F-A580-39D97CB1D948}"
EndProject
Project("{8BC9CEB8-8B4A-11D0-8D11-00A0C91BC942}") = "objectpan", "objectpan.vcxproj", "{88E6C7B0-E10E-4BE3-8A00-6DD15B26B700}"
EndProject
Project("{8BC9CEB8-8B4A-11D0-8D11-00A0C91BC942}") = "programmer_sound", "programmer_sound.vcxproj", "{6F87F75C-F3B6-4B62-BCF1-BBF2897CEC53}"
EndProject
Project("{8BC9CEB8-8B4A-11D0-8D11-00A0C91BC942}") = "recording_playback", "recording_playback.vcxproj", "{13696D5F-1145-4409-9533-A0FAE500D342}"
EndProject
Project("{8BC9CEB8-8B4A-11D0-8D11-00A0C91BC942}") = "simple_event", "simple_event.vcxproj", "{10D29A35-E4F9-464E-8019-FCD7C98372C6}"
EndProject
Global
	GlobalSection(SolutionConfigurationPlatforms) = preSolution
		Debug|Win32 = Debug|Win32
		Debug|x64 = Debug|x64
		Release|Win32 = Release|Win32
		Release|x64 = Release|x64
	EndGlobalSection
	GlobalSection(ProjectConfigurationPlatforms) = postSolution
		{4B2045DC-797D-417B-B073-01BF126BB86D}.Debug|Win32.ActiveCfg = Debug|Win32
		{4B2045DC-797D-417B-B073-01BF126BB86D}.Debug|Win32.Build.0 = Debug|Win32
		{4B2045DC-797D-417B-B073-01BF126BB86D}.Debug|Win32.Deploy.0 = Debug|Win32
		{4B2045DC-797D-417B-B073-01BF126BB86D}.Debug|x64.ActiveCfg = Debug|x64
		{4B2045DC-797D-417B-B073-01BF126BB86D}.Debug|x64.Build.0 = Debug|x64
		{4B2045DC-797D-417B-B073-01BF126BB86D}.Debug|x64.Deploy.0 = Debug|x64
		{4B2045DC-797D-417B-B073-01BF126BB86D}.Release|Win32.ActiveCfg = Release|Win32
		{4B2045DC-797D-417B-B073-01BF126BB86D}.Release|Win32.Build.0 = Release|Win32
		{4B2045DC-797D-417B-B073-01BF126BB86D}.Release|Win32.Deploy.0 = Release|Win32
		{4B2045DC-797D-417B-B073-01BF126BB86D}.Release|x64.ActiveCfg = Release|x64
		{4B2045DC-797D-417B-B073-01BF126BB86D}.Release|x64.Build.0 = Release|x64
		{4B2045DC-797D-417B-B073-01BF126BB86D}.Release|x64.Deploy.0 = Release|x64
		{5DC3F5CC-E82C-421C-B29E-EAF18B6FF27D}.Debug|Win32.ActiveCfg = Debug|Win32
		{5DC3F5CC-E82C-421C-B29E-EAF18B6FF27D}.Debug|Win32.Build.0 = Debug|Win32
		{5DC3F5CC-E82C-421C-B29E-EAF18B6FF27D}.Debug|Win32.Deploy.0 = Debug|Win32
		{5DC3F5CC-E82C-421C-B29E-EAF18B6FF27D}.Debug|x64.ActiveCfg = Debug|x64
		{5DC3F5CC-E82C-421C-B29E-EAF18B6FF27D}.Debug|x64.Build.0 = Debug|x64
		{5DC3F5CC-E82C-421C-B29E-EAF18B6FF27D}.Debug|x64.Deploy.0 = Debug|x64
		{5DC3F5CC-E82C-421C-B29E-EAF18B6FF27D}.Release|Win32.ActiveCfg = Release|Win32
		{5DC3F5CC-E82C-421C-B29E-EAF18B6FF27D}.Release|Win32.Build.0 = Release|Win32
		{5DC3F5CC-E82C-421C-B29E-EAF18B6FF27D}.Release|Win32.Deploy.0 = Release|Win32
		{5DC3F5CC-E82C-421C-B29E-EAF18B6FF27D}.Release|x64.ActiveCfg = Release|x64
		{5DC3F5CC-E82C-421C-B29E-EAF18B6FF27D}.Release|x64.Build.0 = Release|x64
		{5DC3F5CC-E82C-421C-B29E-EAF18B6FF27D}.Release|x64.Deploy.0 = Release|x64
		{DDD92CDD-E68F-4ECC-829F-AC26AC658DD6}.Debug|Win32.ActiveCfg = Debug|Win32
		{DDD92CDD-E68F-4ECC-829F-AC26AC658DD6}.Debug|Win32.Build.0 = Debug|Win32
		{DDD92CDD-E68F-4ECC-829F-AC26AC658DD6}.Debug|Win32.Deploy.0 = Debug|Win32
		{DDD92CDD-E68F-4ECC-829F-AC26AC658DD6}.Debug|x64.ActiveCfg = Debug|x64
		{DDD92CDD-E68F-4ECC-829F-AC26AC658DD6}.Debug|x64.Build.0 = Debug|x64
		{DDD92CDD-E68F-4ECC-829F-AC26AC658DD6}.Debug|x64.Deploy.0 = Debug|x64
		{DDD92CDD-E68F-4ECC-829F-AC26AC658DD6}.Release|Win32.ActiveCfg = Release|Win32
		{DDD92CDD-E68F-4ECC-829F-AC26AC658DD6}.Release|Win32.Build.0 = Release|Win32
		{DDD92CDD-E68F-4ECC-829F-AC26AC658DD6}.Release|Win32.Deploy.0 = Release|Win32
		{DDD92CDD-E68F-4ECC-829F-AC26AC658DD6}.Release|x64.ActiveCfg = Release|x64
		{DDD92CDD-E68F-4ECC-829F-AC26AC658DD6}.Release|x64.Build.0 = Release|x64
		{DDD92CDD-E68F-4ECC-829F-AC26AC658DD6}.Release|x64.Deploy.0 = Release|x64
		{5E91AF87-C628-4482-9BED-D96DE16A62C2}.Debug|Win32.ActiveCfg = Debug|Win32
		{5E91AF87-C628-4482-9BED-D96DE16A62C2}.Debug|Win32.Build.0 = Debug|Win32
		{5E91AF87-C628-4482-9BED-D96DE16A62C2}.Debug|Win32.Deploy.0 = Debug|Win32
		{5E91AF87-C628-4482-9BED-D96DE16A62C2}.Debug|x64.ActiveCfg = Debug|x64
		{5E91AF87-C628-4482-9BED-D96DE16A62C2}.Debug|x64.Build.0 = Debug|x64
		{5E91AF87-C628-4482-9BED-D96DE16A62C2}.Debug|x64.Deploy.0 = Debug|x64
		{5E91AF87-C628-4482-9BED-D96DE16A62C2}.Release|Win32.ActiveCfg = Release|Win32
		{5E91AF87-C628-4482-9BED-D96DE16A62C2}.Release|Win32.Build.0 = Release|Win32
		{5E91AF87-C628-4482-9BED-D96DE16A62C2}.Release|Win32.Deploy.0 = Release|Win32
		{5E91AF87-C628-4482-9BED-D96DE16A62C2}.Release|x64.ActiveCfg = Release|x64
		{5E91AF87-C628-4482-9BED-D96DE16A62C2}.Release|x64.Build.0 = Release|x64
		{5E91AF87-C628-4482-9BED-D96DE16A62C2}.Release|x64.Deploy.0 = Release|x64
		{0779621A-213F-4B2F-A580-39D97CB1D948}.Debug|Win32.ActiveCfg = Debug|Win32
		{0779621A-213F-4B2F-A580-39D97CB1D948}.Debug|Win32.Build.0 = Debug|Win32
		{0779621A-213F-4B2F-A580-39D97CB1D948}.Debug|Win32.Deploy.0 = Debug|Win32
		{0779621A-213F-4B2F-A580-39D97CB1D948}.Debug|x64.ActiveCfg = Debug|x64
		{0779621A-213F-4B2F-A580-39D97CB1D948}.Debug|x64.Build.0 = Debug|x64
		{0779621A-213F-4B2F-A580-39D97CB1D948}.Debug|x64.Deploy.0 = Debug|x64
		{0779621A-213F-4B2F-A580-39D97CB1D948}.Release|Win32.ActiveCfg = Release|Win32
		{0779621A-213F-4B2F-A580-39D97CB1D948}.Release|Win32.Build.0 = Release|Win32
		{0779621A-213F-4B2F-A580-39D97CB1D948}.Release|Win32.Deploy.0 = Release|Win32
		{0779621A-213F-4B2F-A580-39D97CB1D948}.Release|x64.ActiveCfg = Release|x64
		{0779621A-213F-4B2F-A580-39D97CB1D948}.Release|x64.Build.0 = Release|x64
		{0779621A-213F-4B2F-A580-39D97CB1D948}.Release|x64.Deploy.0 = Release|x64
		{88E6C7B0-E10E-4BE3-8A00-6DD15B26B700}.Debug|Win32.ActiveCfg = Debug|Win32
		{88E6C7B0-E10E-4BE3-8A00-6DD15B26B700}.Debug|Win32.Build.0 = Debug|Win32
		{88E6C7B0-E10E-4BE3-8A00-6DD15B26B700}.Debug|Win32.Deploy.0 = Debug|Win32
		{88E6C7B0-E10E-4BE3-8A00-6DD15B26B700}.Debug|x64.ActiveCfg = Debug|x64
		{88E6C7B0-E10E-4BE3-8A00-6DD15B26B700}.Debug|x64.Build.0 = Debug|x64
		{88E6C7B0-E10E-4BE3-8A00-6DD15B26B700}.Debug|x64.Deploy.0 = Debug|x64
		{88E6C7B0-E10E-4BE3-8A00-6DD15B26B700}.Release|Win32.ActiveCfg = Release|Win32
		{88E6C7B0-E10E-4BE3-8A00-6DD15B26B700}.Release|Win32.Build.0 = Release|Win32
		{88E6C7B0-E10E-4BE3-8A00-6DD15B26B700}.Release|Win32.Deploy.0 = Release|Win32
		{88E6C7B0-E10E-4BE3-8A00-6DD15B26B700}.Release|x64.ActiveCfg = Release|x64
		{88E6C7B0-E10E-4BE3-8A00-6DD15B26B700}.Release|x64.Build.0 = Release|x64
		{88E6C7B0-E10E-4BE3-8A00-6DD15B26B700}.Release|x64.Deploy.0 = Release|x64
		{6F87F75C-F3B6-4B62-BCF1-BBF2897CEC53}.Debug|Win32.ActiveCfg = Debug|Win32
		{6F87F75C-F3B6-4B62-BCF1-BBF2897CEC53}.Debug|Win32.Build.0 = Debug|Win32
		{6F87F75C-F3B6-4B62-BCF1-BBF2897CEC53}.Debug|Win32.Deploy.0 = Debug|Win32
		{6F87F75C-F3B6-4B62-BCF1-BBF2897CEC53}.Debug|x64.ActiveCfg = Debug|x64
		{6F87F75C-F3B6-4B62-BCF1-BBF2897CEC53}.Debug|x64.Build.0 = Debug|x64
		{6F87F75C-F3B6-4B62-BCF1-BBF2897CEC53}.Debug|x64.Deploy.0 = Debug|x64
		{6F87F75C-F3B6-4B62-BCF1-BBF2897CEC53}.Release|Win32.ActiveCfg = Release|Win32
		{6F87F75C-F3B6-4B62-BCF1-BBF2897CEC53}.Release|Win32.Build.0 = Release|Win32
		{6F87F75C-F3B6-4B62-BCF1-BBF2897CEC53}.Release|Win32.Deploy.0 = Release|Win32
		{6F87F75C-F3B6-4B62-BCF1-BBF2897CEC53}.Release|x64.ActiveCfg = Release|x64
		{6F87F75C-F3B6-4B62-BCF1-BBF2897CEC53}.Release|x64.Build.0 = Release|x64
		{6F87F75C-F3B6-4B62-BCF1-BBF2897CEC53}.Release|x64.Deploy.0 = Release|x64
		{13696D5F-1145-4409-9533-A0FAE500D342}.Debug|Win32.ActiveCfg = Debug|Win32
		{13696D5F-1145-4409-9533-A0FAE500D342}.Debug|Win32.Build.0 = Debug|Win32
		{13696D5F-1145-4409-9533-A0FAE500D342}.Debug|Win32.Deploy.0 = Debug|Win32
		{13696D5F-1145-4409-9533-A0FAE500D342}.Debug|x64.ActiveCfg = Debug|x64
		{13696D5F-1145-4409-9533-A0FAE500D342}.Debug|x64.Build.0 = Debug|x64
		{13696D5F-1145-4409-9533-A0FAE500D342}.Debug|x64.Deploy.0 = Debug|x64
		{13696D5F-1145-4409-9533-A0FAE500D342}.Release|Win32.ActiveCfg = Release|Win32
		{13696D5F-1145-4409-9533-A0FAE500D342}.Release|Win32.Build.0 = Release|Win32
		{13696D5F-1145-4409-9533-A0FAE500D342}.Release|Win32.Deploy.0 = Release|Win32
		{13696D5F-1145-4409-9533-A0FAE500D342}.Release|x64.ActiveCfg = Release|x64
		{13696D5F-1145-4409-9533-A0FAE500D342}.Release|x64.Build.0 = Release|x64
		{13696D5F-1145-4409-9533-A0FAE500D342}.Release|x64.Deploy.0 = Release|x64
		{10D29A35-E4F9-464E-8019-FCD7C98372C6}.Debug|Win32.ActiveCfg = Debug|Win32
		{10D29A35-E4F9-464E-8019-FCD7C98372C6}.Debug|Win32.Build.0 = Debug|Win32
		{10D29A35-E4F9-464E-8019-FCD7C98372C6}.Debug|Win32.Deploy.0 = Debug|Win32
		{10D29A35-E4F9-464E-8019-FCD7C98372C6}.Debug|x64.ActiveCfg = Debug|x64
		{10D29A35-E4F9-464E-8019-FCD7C98372C6}.Debug|x64.Build.0 = Debug|x64
		{10D29A35-E4F9-464E-8019-FCD7C98372C6}.Debug|x64.Deploy.0 = Debug|x64
		{10D29A35-E4F9-464E-8019-FCD7C98372C6}.Release|Win32.ActiveCfg = Release|Win32
		{10D29A35-E4F9-464E-8019-FCD7C98372C6}.Release|Win32.Build.0 = Release|Win32
		{10D29A35-E4F9-464E-8019-FCD7C98372C6}.Release|Win32.Deploy.0 = Release|Win32
		{10D29A35-E4F9-464E-8019-FCD7C98372C6}.Release|x64.ActiveCfg = Release|x64
		{10D29A35-E4F9-464E-8019-FCD7C98372C6}.Release|x64.Build.0 = Release|x64
		{10D29A35-E4F9-464E-8019-FCD7C98372C6}.Release|x64.Deploy.0 = Release|x64
	EndGlobalSection
	GlobalSection(SolutionProperties) = preSolution
		HideSolutionNode = FALSE
	EndGlobalSection
EndGlobal
