
Microsoft Visual Studio Solution File, Format Version 11.00
# Visual Studio 2010
Project("{8BC9CEB8-8B4A-11D0-8D11-00A0C91BC942}") = "3d", "3d.vcxproj", "{12FFB27A-EBC9-455C-8DB3-FB19B67B79A0}"
EndProject
Project("{8BC9CEB8-8B4A-11D0-8D11-00A0C91BC942}") = "asyncio", "asyncio.vcxproj", "{3E7FA3C2-54E7-4412-B5A4-D108CE09AA8F}"
EndProject
Project("{8BC9CEB8-8B4A-11D0-8D11-00A0C91BC942}") = "channel_groups", "channel_groups.vcxproj", "{898300A6-A659-4C33-869A-B9B3146A4D1F}"
EndProject
Project("{8BC9CEB8-8B4A-11D0-8D11-00A0C91BC942}") = "convolution_reverb", "convolution_reverb.vcxproj", "{6E0AF88C-AAEA-4AD5-9BB8-528ECE6D57E8}"
EndProject
Project("{8BC9CEB8-8B4A-11D0-8D11-00A0C91BC942}") = "dsp_custom", "dsp_custom.vcxproj", "{7021F186-FF0A-4624-B79B-0C90D53512FB}"
EndProject
Project("{8BC9CEB8-8B4A-11D0-8D11-00A0C91BC942}") = "dsp_effect_per_speaker", "dsp_effect_per_speaker.vcxproj", "{C64C96F8-69B2-4E70-AB52-A477392898C9}"
EndProject
Project("{8BC9CEB8-8B4A-11D0-8D11-00A0C91BC942}") = "dsp_inspector", "dsp_inspector.vcxproj", "{534715C4-7F7F-4CDF-9205-0A63479BCD8A}"
EndProject
Project("{8BC9CEB8-8B4A-11D0-8D11-00A0C91BC942}") = "effects", "effects.vcxproj", "{07993E4A-48E4-43F4-856D-AB6FD77DA571}"
EndProject
Project("{8BC9CEB8-8B4A-11D0-8D11-00A0C91BC942}") = "gapless_playback", "gapless_playback.vcxproj", "{0EC75675-9078-4AAC-8C2F-C1C10C4D83C9}"
EndProject
Project("{8BC9CEB8-8B4A-11D0-8D11-00A0C91BC942}") = "generate_tone", "generate_tone.vcxproj", "{3A50CAFF-07F2-4DBA-9A41-2D0A765A03CF}"
EndProject
Project("{8BC9CEB8-8B4A-11D0-8D11-00A0C91BC942}") = "granular_synth", "granular_synth.vcxproj", "{D1417043-479E-4FFF-9B37-9526C424651C}"
EndProject
Project("{8BC9CEB8-8B4A-11D0-8D11-00A0C91BC942}") = "load_from_memory", "load_from_memory.vcxproj", "{552BDE9B-2754-4D30-8AFA-A9F1FA0AC48F}"
EndProject
Project("{8BC9CEB8-8B4A-11D0-8D11-00A0C91BC942}") = "multiple_speaker", "multiple_speaker.vcxproj", "{C9902534-7DD1-4FC5-83B8-A310A51B497C}"
EndProject
Project("{8BC9CEB8-8B4A-11D0-8D11-00A0C91BC942}") = "multiple_system", "multiple_system.vcxproj", "{FB36ECFB-FA3B-4800-8830-75FF41BC7D80}"
EndProject
Project("{8BC9CEB8-8B4A-11D0-8D11-00A0C91BC942}") = "net_stream", "net_stream.vcxproj", "{3B498822-325C-40F2-A223-625B729E9305}"
EndProject
Project("{8BC9CEB8-8B4A-11D0-8D11-00A0C91BC942}") = "play_sound", "play_sound.vcxproj", "{CCEFF5B2-6761-44C6-AD9E-A08D7B7B072D}"
EndProject
Project("{8BC9CEB8-8B4A-11D0-8D11-00A0C91BC942}") = "play_stream", "play_stream.vcxproj", "{BBBF2C0F-654A-4678-81EB-49A646FBC6E6}"
EndProject
Project("{8BC9CEB8-8B4A-11D0-8D11-00A0C91BC942}") = "record", "record.vcxproj", "{0599F212-E421-4E4B-8C8E-D2F04A89D66E}"
EndProject
Project("{8BC9CEB8-8B4A-11D0-8D11-00A0C91BC942}") = "record_enumeration", "record_enumeration.vcxproj", "{4FB0AA87-40D1-4CFC-BD64-CE7FCF6F5768}"
EndProject
Project("{8BC9CEB8-8B4A-11D0-8D11-00A0C91BC942}") = "user_created_sound", "user_created_sound.vcxproj", "{8B13F7F7-2D16-4990-9DAB-E7A9EEC65586}"
EndProject
Project("{8BC9CEB8-8B4A-11D0-8D11-00A0C91BC942}") = "fmod_codec_raw", "fmod_codec_raw.vcxproj", "{05A4B408-D034-4BA0-8328-92F80D1C16E0}"
EndProject
Project("{8BC9CEB8-8B4A-11D0-8D11-00A0C91BC942}") = "fmod_distance_filter", "fmod_distance_filter.vcxproj", "{2929D3CF-5C32-458D-A70A-6455084F69B8}"
EndProject
Project("{8BC9CEB8-8B4A-11D0-8D11-00A0C91BC942}") = "fmod_gain", "fmod_gain.vcxproj", "{D6026FDD-0D49-454A-A011-6C91CB46BE76}"
EndProject
Project("{8BC9CEB8-8B4A-11D0-8D11-00A0C91BC942}") = "fmod_noise", "fmod_noise.vcxproj", "{5E61858D-9255-4EEB-9AF1-09A846346C48}"
EndProject
Project("{8BC9CEB8-8B4A-11D0-8D11-00A0C91BC942}") = "output_mp3", "output_mp3.vcxproj", "{B0B7B0AB-7ACC-4165-95F1-88F351C1532A}"
EndProject
Global
	GlobalSection(SolutionConfigurationPlatforms) = preSolution
		Debug|Win32 = Debug|Win32
		Debug|x64 = Debug|x64
		Release|Win32 = Release|Win32
		Release|x64 = Release|x64
	EndGlobalSection
	GlobalSection(ProjectConfigurationPlatforms) = postSolution
		{12FFB27A-EBC9-455C-8DB3-FB19B67B79A0}.Debug|Win32.ActiveCfg = Debug|Win32
		{12FFB27A-EBC9-455C-8DB3-FB19B67B79A0}.Debug|Win32.Build.0 = Debug|Win32
		{12FFB27A-EBC9-455C-8DB3-FB19B67B79A0}.Debug|Win32.Deploy.0 = Debug|Win32
		{12FFB27A-EBC9-455C-8DB3-FB19B67B79A0}.Debug|x64.ActiveCfg = Debug|x64
		{12FFB27A-EBC9-455C-8DB3-FB19B67B79A0}.Debug|x64.Build.0 = Debug|x64
		{12FFB27A-EBC9-455C-8DB3-FB19B67B79A0}.Debug|x64.Deploy.0 = Debug|x64
		{12FFB27A-EBC9-455C-8DB3-FB19B67B79A0}.Release|Win32.ActiveCfg = Release|Win32
		{12FFB27A-EBC9-455C-8DB3-FB19B67B79A0}.Release|Win32.Build.0 = Release|Win32
		{12FFB27A-EBC9-455C-8DB3-FB19B67B79A0}.Release|Win32.Deploy.0 = Release|Win32
		{12FFB27A-EBC9-455C-8DB3-FB19B67B79A0}.Release|x64.ActiveCfg = Release|x64
		{12FFB27A-EBC9-455C-8DB3-FB19B67B79A0}.Release|x64.Build.0 = Release|x64
		{12FFB27A-EBC9-455C-8DB3-FB19B67B79A0}.Release|x64.Deploy.0 = Release|x64
		{3E7FA3C2-54E7-4412-B5A4-D108CE09AA8F}.Debug|Win32.ActiveCfg = Debug|Win32
		{3E7FA3C2-54E7-4412-B5A4-D108CE09AA8F}.Debug|Win32.Build.0 = Debug|Win32
		{3E7FA3C2-54E7-4412-B5A4-D108CE09AA8F}.Debug|Win32.Deploy.0 = Debug|Win32
		{3E7FA3C2-54E7-4412-B5A4-D108CE09AA8F}.Debug|x64.ActiveCfg = Debug|x64
		{3E7FA3C2-54E7-4412-B5A4-D108CE09AA8F}.Debug|x64.Build.0 = Debug|x64
		{3E7FA3C2-54E7-4412-B5A4-D108CE09AA8F}.Debug|x64.Deploy.0 = Debug|x64
		{3E7FA3C2-54E7-4412-B5A4-D108CE09AA8F}.Release|Win32.ActiveCfg = Release|Win32
		{3E7FA3C2-54E7-4412-B5A4-D108CE09AA8F}.Release|Win32.Build.0 = Release|Win32
		{3E7FA3C2-54E7-4412-B5A4-D108CE09AA8F}.Release|Win32.Deploy.0 = Release|Win32
		{3E7FA3C2-54E7-4412-B5A4-D108CE09AA8F}.Release|x64.ActiveCfg = Release|x64
		{3E7FA3C2-54E7-4412-B5A4-D108CE09AA8F}.Release|x64.Build.0 = Release|x64
		{3E7FA3C2-54E7-4412-B5A4-D108CE09AA8F}.Release|x64.Deploy.0 = Release|x64
		{898300A6-A659-4C33-869A-B9B3146A4D1F}.Debug|Win32.ActiveCfg = Debug|Win32
		{898300A6-A659-4C33-869A-B9B3146A4D1F}.Debug|Win32.Build.0 = Debug|Win32
		{898300A6-A659-4C33-869A-B9B3146A4D1F}.Debug|Win32.Deploy.0 = Debug|Win32
		{898300A6-A659-4C33-869A-B9B3146A4D1F}.Debug|x64.ActiveCfg = Debug|x64
		{898300A6-A659-4C33-869A-B9B3146A4D1F}.Debug|x64.Build.0 = Debug|x64
		{898300A6-A659-4C33-869A-B9B3146A4D1F}.Debug|x64.Deploy.0 = Debug|x64
		{898300A6-A659-4C33-869A-B9B3146A4D1F}.Release|Win32.ActiveCfg = Release|Win32
		{898300A6-A659-4C33-869A-B9B3146A4D1F}.Release|Win32.Build.0 = Release|Win32
		{898300A6-A659-4C33-869A-B9B3146A4D1F}.Release|Win32.Deploy.0 = Release|Win32
		{898300A6-A659-4C33-869A-B9B3146A4D1F}.Release|x64.ActiveCfg = Release|x64
		{898300A6-A659-4C33-869A-B9B3146A4D1F}.Release|x64.Build.0 = Release|x64
		{898300A6-A659-4C33-869A-B9B3146A4D1F}.Release|x64.Deploy.0 = Release|x64
		{6E0AF88C-AAEA-4AD5-9BB8-528ECE6D57E8}.Debug|Win32.ActiveCfg = Debug|Win32
		{6E0AF88C-AAEA-4AD5-9BB8-528ECE6D57E8}.Debug|Win32.Build.0 = Debug|Win32
		{6E0AF88C-AAEA-4AD5-9BB8-528ECE6D57E8}.Debug|Win32.Deploy.0 = Debug|Win32
		{6E0AF88C-AAEA-4AD5-9BB8-528ECE6D57E8}.Debug|x64.ActiveCfg = Debug|x64
		{6E0AF88C-AAEA-4AD5-9BB8-528ECE6D57E8}.Debug|x64.Build.0 = Debug|x64
		{6E0AF88C-AAEA-4AD5-9BB8-528ECE6D57E8}.Debug|x64.Deploy.0 = Debug|x64
		{6E0AF88C-AAEA-4AD5-9BB8-528ECE6D57E8}.Release|Win32.ActiveCfg = Release|Win32
		{6E0AF88C-AAEA-4AD5-9BB8-528ECE6D57E8}.Release|Win32.Build.0 = Release|Win32
		{6E0AF88C-AAEA-4AD5-9BB8-528ECE6D57E8}.Release|Win32.Deploy.0 = Release|Win32
		{6E0AF88C-AAEA-4AD5-9BB8-528ECE6D57E8}.Release|x64.ActiveCfg = Release|x64
		{6E0AF88C-AAEA-4AD5-9BB8-528ECE6D57E8}.Release|x64.Build.0 = Release|x64
		{6E0AF88C-AAEA-4AD5-9BB8-528ECE6D57E8}.Release|x64.Deploy.0 = Release|x64
		{7021F186-FF0A-4624-B79B-0C90D53512FB}.Debug|Win32.ActiveCfg = Debug|Win32
		{7021F186-FF0A-4624-B79B-0C90D53512FB}.Debug|Win32.Build.0 = Debug|Win32
		{7021F186-FF0A-4624-B79B-0C90D53512FB}.Debug|Win32.Deploy.0 = Debug|Win32
		{7021F186-FF0A-4624-B79B-0C90D53512FB}.Debug|x64.ActiveCfg = Debug|x64
		{7021F186-FF0A-4624-B79B-0C90D53512FB}.Debug|x64.Build.0 = Debug|x64
		{7021F186-FF0A-4624-B79B-0C90D53512FB}.Debug|x64.Deploy.0 = Debug|x64
		{7021F186-FF0A-4624-B79B-0C90D53512FB}.Release|Win32.ActiveCfg = Release|Win32
		{7021F186-FF0A-4624-B79B-0C90D53512FB}.Release|Win32.Build.0 = Release|Win32
		{7021F186-FF0A-4624-B79B-0C90D53512FB}.Release|Win32.Deploy.0 = Release|Win32
		{7021F186-FF0A-4624-B79B-0C90D53512FB}.Release|x64.ActiveCfg = Release|x64
		{7021F186-FF0A-4624-B79B-0C90D53512FB}.Release|x64.Build.0 = Release|x64
		{7021F186-FF0A-4624-B79B-0C90D53512FB}.Release|x64.Deploy.0 = Release|x64
		{C64C96F8-69B2-4E70-AB52-A477392898C9}.Debug|Win32.ActiveCfg = Debug|Win32
		{C64C96F8-69B2-4E70-AB52-A477392898C9}.Debug|Win32.Build.0 = Debug|Win32
		{C64C96F8-69B2-4E70-AB52-A477392898C9}.Debug|Win32.Deploy.0 = Debug|Win32
		{C64C96F8-69B2-4E70-AB52-A477392898C9}.Debug|x64.ActiveCfg = Debug|x64
		{C64C96F8-69B2-4E70-AB52-A477392898C9}.Debug|x64.Build.0 = Debug|x64
		{C64C96F8-69B2-4E70-AB52-A477392898C9}.Debug|x64.Deploy.0 = Debug|x64
		{C64C96F8-69B2-4E70-AB52-A477392898C9}.Release|Win32.ActiveCfg = Release|Win32
		{C64C96F8-69B2-4E70-AB52-A477392898C9}.Release|Win32.Build.0 = Release|Win32
		{C64C96F8-69B2-4E70-AB52-A477392898C9}.Release|Win32.Deploy.0 = Release|Win32
		{C64C96F8-69B2-4E70-AB52-A477392898C9}.Release|x64.ActiveCfg = Release|x64
		{C64C96F8-69B2-4E70-AB52-A477392898C9}.Release|x64.Build.0 = Release|x64
		{C64C96F8-69B2-4E70-AB52-A477392898C9}.Release|x64.Deploy.0 = Release|x64
		{534715C4-7F7F-4CDF-9205-0A63479BCD8A}.Debug|Win32.ActiveCfg = Debug|Win32
		{534715C4-7F7F-4CDF-9205-0A63479BCD8A}.Debug|Win32.Build.0 = Debug|Win32
		{534715C4-7F7F-4CDF-9205-0A63479BCD8A}.Debug|Win32.Deploy.0 = Debug|Win32
		{534715C4-7F7F-4CDF-9205-0A63479BCD8A}.Debug|x64.ActiveCfg = Debug|x64
		{534715C4-7F7F-4CDF-9205-0A63479BCD8A}.Debug|x64.Build.0 = Debug|x64
		{534715C4-7F7F-4CDF-9205-0A63479BCD8A}.Debug|x64.Deploy.0 = Debug|x64
		{534715C4-7F7F-4CDF-9205-0A63479BCD8A}.Release|Win32.ActiveCfg = Release|Win32
		{534715C4-7F7F-4CDF-9205-0A63479BCD8A}.Release|Win32.Build.0 = Release|Win32
		{534715C4-7F7F-4CDF-9205-0A63479BCD8A}.Release|Win32.Deploy.0 = Release|Win32
		{534715C4-7F7F-4CDF-9205-0A63479BCD8A}.Release|x64.ActiveCfg = Release|x64
		{534715C4-7F7F-4CDF-9205-0A63479BCD8A}.Release|x64.Build.0 = Release|x64
		{534715C4-7F7F-4CDF-9205-0A63479BCD8A}.Release|x64.Deploy.0 = Release|x64
		{07993E4A-48E4-43F4-856D-AB6FD77DA571}.Debug|Win32.ActiveCfg = Debug|Win32
		{07993E4A-48E4-43F4-856D-AB6FD77DA571}.Debug|Win32.Build.0 = Debug|Win32
		{07993E4A-48E4-43F4-856D-AB6FD77DA571}.Debug|Win32.Deploy.0 = Debug|Win32
		{07993E4A-48E4-43F4-856D-AB6FD77DA571}.Debug|x64.ActiveCfg = Debug|x64
		{07993E4A-48E4-43F4-856D-AB6FD77DA571}.Debug|x64.Build.0 = Debug|x64
		{07993E4A-48E4-43F4-856D-AB6FD77DA571}.Debug|x64.Deploy.0 = Debug|x64
		{07993E4A-48E4-43F4-856D-AB6FD77DA571}.Release|Win32.ActiveCfg = Release|Win32
		{07993E4A-48E4-43F4-856D-AB6FD77DA571}.Release|Win32.Build.0 = Release|Win32
		{07993E4A-48E4-43F4-856D-AB6FD77DA571}.Release|Win32.Deploy.0 = Release|Win32
		{07993E4A-48E4-43F4-856D-AB6FD77DA571}.Release|x64.ActiveCfg = Release|x64
		{07993E4A-48E4-43F4-856D-AB6FD77DA571}.Release|x64.Build.0 = Release|x64
		{07993E4A-48E4-43F4-856D-AB6FD77DA571}.Release|x64.Deploy.0 = Release|x64
		{0EC75675-9078-4AAC-8C2F-C1C10C4D83C9}.Debug|Win32.ActiveCfg = Debug|Win32
		{0EC75675-9078-4AAC-8C2F-C1C10C4D83C9}.Debug|Win32.Build.0 = Debug|Win32
		{0EC75675-9078-4AAC-8C2F-C1C10C4D83C9}.Debug|Win32.Deploy.0 = Debug|Win32
		{0EC75675-9078-4AAC-8C2F-C1C10C4D83C9}.Debug|x64.ActiveCfg = Debug|x64
		{0EC75675-9078-4AAC-8C2F-C1C10C4D83C9}.Debug|x64.Build.0 = Debug|x64
		{0EC75675-9078-4AAC-8C2F-C1C10C4D83C9}.Debug|x64.Deploy.0 = Debug|x64
		{0EC75675-9078-4AAC-8C2F-C1C10C4D83C9}.Release|Win32.ActiveCfg = Release|Win32
		{0EC75675-9078-4AAC-8C2F-C1C10C4D83C9}.Release|Win32.Build.0 = Release|Win32
		{0EC75675-9078-4AAC-8C2F-C1C10C4D83C9}.Release|Win32.Deploy.0 = Release|Win32
		{0EC75675-9078-4AAC-8C2F-C1C10C4D83C9}.Release|x64.ActiveCfg = Release|x64
		{0EC75675-9078-4AAC-8C2F-C1C10C4D83C9}.Release|x64.Build.0 = Release|x64
		{0EC75675-9078-4AAC-8C2F-C1C10C4D83C9}.Release|x64.Deploy.0 = Release|x64
		{3A50CAFF-07F2-4DBA-9A41-2D0A765A03CF}.Debug|Win32.ActiveCfg = Debug|Win32
		{3A50CAFF-07F2-4DBA-9A41-2D0A765A03CF}.Debug|Win32.Build.0 = Debug|Win32
		{3A50CAFF-07F2-4DBA-9A41-2D0A765A03CF}.Debug|Win32.Deploy.0 = Debug|Win32
		{3A50CAFF-07F2-4DBA-9A41-2D0A765A03CF}.Debug|x64.ActiveCfg = Debug|x64
		{3A50CAFF-07F2-4DBA-9A41-2D0A765A03CF}.Debug|x64.Build.0 = Debug|x64
		{3A50CAFF-07F2-4DBA-9A41-2D0A765A03CF}.Debug|x64.Deploy.0 = Debug|x64
		{3A50CAFF-07F2-4DBA-9A41-2D0A765A03CF}.Release|Win32.ActiveCfg = Release|Win32
		{3A50CAFF-07F2-4DBA-9A41-2D0A765A03CF}.Release|Win32.Build.0 = Release|Win32
		{3A50CAFF-07F2-4DBA-9A41-2D0A765A03CF}.Release|Win32.Deploy.0 = Release|Win32
		{3A50CAFF-07F2-4DBA-9A41-2D0A765A03CF}.Release|x64.ActiveCfg = Release|x64
		{3A50CAFF-07F2-4DBA-9A41-2D0A765A03CF}.Release|x64.Build.0 = Release|x64
		{3A50CAFF-07F2-4DBA-9A41-2D0A765A03CF}.Release|x64.Deploy.0 = Release|x64
		{D1417043-479E-4FFF-9B37-9526C424651C}.Debug|Win32.ActiveCfg = Debug|Win32
		{D1417043-479E-4FFF-9B37-9526C424651C}.Debug|Win32.Build.0 = Debug|Win32
		{D1417043-479E-4FFF-9B37-9526C424651C}.Debug|Win32.Deploy.0 = Debug|Win32
		{D1417043-479E-4FFF-9B37-9526C424651C}.Debug|x64.ActiveCfg = Debug|x64
		{D1417043-479E-4FFF-9B37-9526C424651C}.Debug|x64.Build.0 = Debug|x64
		{D1417043-479E-4FFF-9B37-9526C424651C}.Debug|x64.Deploy.0 = Debug|x64
		{D1417043-479E-4FFF-9B37-9526C424651C}.Release|Win32.ActiveCfg = Release|Win32
		{D1417043-479E-4FFF-9B37-9526C424651C}.Release|Win32.Build.0 = Release|Win32
		{D1417043-479E-4FFF-9B37-9526C424651C}.Release|Win32.Deploy.0 = Release|Win32
		{D1417043-479E-4FFF-9B37-9526C424651C}.Release|x64.ActiveCfg = Release|x64
		{D1417043-479E-4FFF-9B37-9526C424651C}.Release|x64.Build.0 = Release|x64
		{D1417043-479E-4FFF-9B37-9526C424651C}.Release|x64.Deploy.0 = Release|x64
		{552BDE9B-2754-4D30-8AFA-A9F1FA0AC48F}.Debug|Win32.ActiveCfg = Debug|Win32
		{552BDE9B-2754-4D30-8AFA-A9F1FA0AC48F}.Debug|Win32.Build.0 = Debug|Win32
		{552BDE9B-2754-4D30-8AFA-A9F1FA0AC48F}.Debug|Win32.Deploy.0 = Debug|Win32
		{552BDE9B-2754-4D30-8AFA-A9F1FA0AC48F}.Debug|x64.ActiveCfg = Debug|x64
		{552BDE9B-2754-4D30-8AFA-A9F1FA0AC48F}.Debug|x64.Build.0 = Debug|x64
		{552BDE9B-2754-4D30-8AFA-A9F1FA0AC48F}.Debug|x64.Deploy.0 = Debug|x64
		{552BDE9B-2754-4D30-8AFA-A9F1FA0AC48F}.Release|Win32.ActiveCfg = Release|Win32
		{552BDE9B-2754-4D30-8AFA-A9F1FA0AC48F}.Release|Win32.Build.0 = Release|Win32
		{552BDE9B-2754-4D30-8AFA-A9F1FA0AC48F}.Release|Win32.Deploy.0 = Release|Win32
		{552BDE9B-2754-4D30-8AFA-A9F1FA0AC48F}.Release|x64.ActiveCfg = Release|x64
		{552BDE9B-2754-4D30-8AFA-A9F1FA0AC48F}.Release|x64.Build.0 = Release|x64
		{552BDE9B-2754-4D30-8AFA-A9F1FA0AC48F}.Release|x64.Deploy.0 = Release|x64
		{C9902534-7DD1-4FC5-83B8-A310A51B497C}.Debug|Win32.ActiveCfg = Debug|Win32
		{C9902534-7DD1-4FC5-83B8-A310A51B497C}.Debug|Win32.Build.0 = Debug|Win32
		{C9902534-7DD1-4FC5-83B8-A310A51B497C}.Debug|Win32.Deploy.0 = Debug|Win32
		{C9902534-7DD1-4FC5-83B8-A310A51B497C}.Debug|x64.ActiveCfg = Debug|x64
		{C9902534-7DD1-4FC5-83B8-A310A51B497C}.Debug|x64.Build.0 = Debug|x64
		{C9902534-7DD1-4FC5-83B8-A310A51B497C}.Debug|x64.Deploy.0 = Debug|x64
		{C9902534-7DD1-4FC5-83B8-A310A51B497C}.Release|Win32.ActiveCfg = Release|Win32
		{C9902534-7DD1-4FC5-83B8-A310A51B497C}.Release|Win32.Build.0 = Release|Win32
		{C9902534-7DD1-4FC5-83B8-A310A51B497C}.Release|Win32.Deploy.0 = Release|Win32
		{C9902534-7DD1-4FC5-83B8-A310A51B497C}.Release|x64.ActiveCfg = Release|x64
		{C9902534-7DD1-4FC5-83B8-A310A51B497C}.Release|x64.Build.0 = Release|x64
		{C9902534-7DD1-4FC5-83B8-A310A51B497C}.Release|x64.Deploy.0 = Release|x64
		{FB36ECFB-FA3B-4800-8830-75FF41BC7D80}.Debug|Win32.ActiveCfg = Debug|Win32
		{FB36ECFB-FA3B-4800-8830-75FF41BC7D80}.Debug|Win32.Build.0 = Debug|Win32
		{FB36ECFB-FA3B-4800-8830-75FF41BC7D80}.Debug|Win32.Deploy.0 = Debug|Win32
		{FB36ECFB-FA3B-4800-8830-75FF41BC7D80}.Debug|x64.ActiveCfg = Debug|x64
		{FB36ECFB-FA3B-4800-8830-75FF41BC7D80}.Debug|x64.Build.0 = Debug|x64
		{FB36ECFB-FA3B-4800-8830-75FF41BC7D80}.Debug|x64.Deploy.0 = Debug|x64
		{FB36ECFB-FA3B-4800-8830-75FF41BC7D80}.Release|Win32.ActiveCfg = Release|Win32
		{FB36ECFB-FA3B-4800-8830-75FF41BC7D80}.Release|Win32.Build.0 = Release|Win32
		{FB36ECFB-FA3B-4800-8830-75FF41BC7D80}.Release|Win32.Deploy.0 = Release|Win32
		{FB36ECFB-FA3B-4800-8830-75FF41BC7D80}.Release|x64.ActiveCfg = Release|x64
		{FB36ECFB-FA3B-4800-8830-75FF41BC7D80}.Release|x64.Build.0 = Release|x64
		{FB36ECFB-FA3B-4800-8830-75FF41BC7D80}.Release|x64.Deploy.0 = Release|x64
		{3B498822-325C-40F2-A223-625B729E9305}.Debug|Win32.ActiveCfg = Debug|Win32
		{3B498822-325C-40F2-A223-625B729E9305}.Debug|Win32.Build.0 = Debug|Win32
		{3B498822-325C-40F2-A223-625B729E9305}.Debug|Win32.Deploy.0 = Debug|Win32
		{3B498822-325C-40F2-A223-625B729E9305}.Debug|x64.ActiveCfg = Debug|x64
		{3B498822-325C-40F2-A223-625B729E9305}.Debug|x64.Build.0 = Debug|x64
		{3B498822-325C-40F2-A223-625B729E9305}.Debug|x64.Deploy.0 = Debug|x64
		{3B498822-325C-40F2-A223-625B729E9305}.Release|Win32.ActiveCfg = Release|Win32
		{3B498822-325C-40F2-A223-625B729E9305}.Release|Win32.Build.0 = Release|Win32
		{3B498822-325C-40F2-A223-625B729E9305}.Release|Win32.Deploy.0 = Release|Win32
		{3B498822-325C-40F2-A223-625B729E9305}.Release|x64.ActiveCfg = Release|x64
		{3B498822-325C-40F2-A223-625B729E9305}.Release|x64.Build.0 = Release|x64
		{3B498822-325C-40F2-A223-625B729E9305}.Release|x64.Deploy.0 = Release|x64
		{CCEFF5B2-6761-44C6-AD9E-A08D7B7B072D}.Debug|Win32.ActiveCfg = Debug|Win32
		{CCEFF5B2-6761-44C6-AD9E-A08D7B7B072D}.Debug|Win32.Build.0 = Debug|Win32
		{CCEFF5B2-6761-44C6-AD9E-A08D7B7B072D}.Debug|Win32.Deploy.0 = Debug|Win32
		{CCEFF5B2-6761-44C6-AD9E-A08D7B7B072D}.Debug|x64.ActiveCfg = Debug|x64
		{CCEFF5B2-6761-44C6-AD9E-A08D7B7B072D}.Debug|x64.Build.0 = Debug|x64
		{CCEFF5B2-6761-44C6-AD9E-A08D7B7B072D}.Debug|x64.Deploy.0 = Debug|x64
		{CCEFF5B2-6761-44C6-AD9E-A08D7B7B072D}.Release|Win32.ActiveCfg = Release|Win32
		{CCEFF5B2-6761-44C6-AD9E-A08D7B7B072D}.Release|Win32.Build.0 = Release|Win32
		{CCEFF5B2-6761-44C6-AD9E-A08D7B7B072D}.Release|Win32.Deploy.0 = Release|Win32
		{CCEFF5B2-6761-44C6-AD9E-A08D7B7B072D}.Release|x64.ActiveCfg = Release|x64
		{CCEFF5B2-6761-44C6-AD9E-A08D7B7B072D}.Release|x64.Build.0 = Release|x64
		{CCEFF5B2-6761-44C6-AD9E-A08D7B7B072D}.Release|x64.Deploy.0 = Release|x64
		{BBBF2C0F-654A-4678-81EB-49A646FBC6E6}.Debug|Win32.ActiveCfg = Debug|Win32
		{BBBF2C0F-654A-4678-81EB-49A646FBC6E6}.Debug|Win32.Build.0 = Debug|Win32
		{BBBF2C0F-654A-4678-81EB-49A646FBC6E6}.Debug|Win32.Deploy.0 = Debug|Win32
		{BBBF2C0F-654A-4678-81EB-49A646FBC6E6}.Debug|x64.ActiveCfg = Debug|x64
		{BBBF2C0F-654A-4678-81EB-49A646FBC6E6}.Debug|x64.Build.0 = Debug|x64
		{BBBF2C0F-654A-4678-81EB-49A646FBC6E6}.Debug|x64.Deploy.0 = Debug|x64
		{BBBF2C0F-654A-4678-81EB-49A646FBC6E6}.Release|Win32.ActiveCfg = Release|Win32
		{BBBF2C0F-654A-4678-81EB-49A646FBC6E6}.Release|Win32.Build.0 = Release|Win32
		{BBBF2C0F-654A-4678-81EB-49A646FBC6E6}.Release|Win32.Deploy.0 = Release|Win32
		{BBBF2C0F-654A-4678-81EB-49A646FBC6E6}.Release|x64.ActiveCfg = Release|x64
		{BBBF2C0F-654A-4678-81EB-49A646FBC6E6}.Release|x64.Build.0 = Release|x64
		{BBBF2C0F-654A-4678-81EB-49A646FBC6E6}.Release|x64.Deploy.0 = Release|x64
		{0599F212-E421-4E4B-8C8E-D2F04A89D66E}.Debug|Win32.ActiveCfg = Debug|Win32
		{0599F212-E421-4E4B-8C8E-D2F04A89D66E}.Debug|Win32.Build.0 = Debug|Win32
		{0599F212-E421-4E4B-8C8E-D2F04A89D66E}.Debug|Win32.Deploy.0 = Debug|Win32
		{0599F212-E421-4E4B-8C8E-D2F04A89D66E}.Debug|x64.ActiveCfg = Debug|x64
		{0599F212-E421-4E4B-8C8E-D2F04A89D66E}.Debug|x64.Build.0 = Debug|x64
		{0599F212-E421-4E4B-8C8E-D2F04A89D66E}.Debug|x64.Deploy.0 = Debug|x64
		{0599F212-E421-4E4B-8C8E-D2F04A89D66E}.Release|Win32.ActiveCfg = Release|Win32
		{0599F212-E421-4E4B-8C8E-D2F04A89D66E}.Release|Win32.Build.0 = Release|Win32
		{0599F212-E421-4E4B-8C8E-D2F04A89D66E}.Release|Win32.Deploy.0 = Release|Win32
		{0599F212-E421-4E4B-8C8E-D2F04A89D66E}.Release|x64.ActiveCfg = Release|x64
		{0599F212-E421-4E4B-8C8E-D2F04A89D66E}.Release|x64.Build.0 = Release|x64
		{0599F212-E421-4E4B-8C8E-D2F04A89D66E}.Release|x64.Deploy.0 = Release|x64
		{4FB0AA87-40D1-4CFC-BD64-CE7FCF6F5768}.Debug|Win32.ActiveCfg = Debug|Win32
		{4FB0AA87-40D1-4CFC-BD64-CE7FCF6F5768}.Debug|Win32.Build.0 = Debug|Win32
		{4FB0AA87-40D1-4CFC-BD64-CE7FCF6F5768}.Debug|Win32.Deploy.0 = Debug|Win32
		{4FB0AA87-40D1-4CFC-BD64-CE7FCF6F5768}.Debug|x64.ActiveCfg = Debug|x64
		{4FB0AA87-40D1-4CFC-BD64-CE7FCF6F5768}.Debug|x64.Build.0 = Debug|x64
		{4FB0AA87-40D1-4CFC-BD64-CE7FCF6F5768}.Debug|x64.Deploy.0 = Debug|x64
		{4FB0AA87-40D1-4CFC-BD64-CE7FCF6F5768}.Release|Win32.ActiveCfg = Release|Win32
		{4FB0AA87-40D1-4CFC-BD64-CE7FCF6F5768}.Release|Win32.Build.0 = Release|Win32
		{4FB0AA87-40D1-4CFC-BD64-CE7FCF6F5768}.Release|Win32.Deploy.0 = Release|Win32
		{4FB0AA87-40D1-4CFC-BD64-CE7FCF6F5768}.Release|x64.ActiveCfg = Release|x64
		{4FB0AA87-40D1-4CFC-BD64-CE7FCF6F5768}.Release|x64.Build.0 = Release|x64
		{4FB0AA87-40D1-4CFC-BD64-CE7FCF6F5768}.Release|x64.Deploy.0 = Release|x64
		{8B13F7F7-2D16-4990-9DAB-E7A9EEC65586}.Debug|Win32.ActiveCfg = Debug|Win32
		{8B13F7F7-2D16-4990-9DAB-E7A9EEC65586}.Debug|Win32.Build.0 = Debug|Win32
		{8B13F7F7-2D16-4990-9DAB-E7A9EEC65586}.Debug|Win32.Deploy.0 = Debug|Win32
		{8B13F7F7-2D16-4990-9DAB-E7A9EEC65586}.Debug|x64.ActiveCfg = Debug|x64
		{8B13F7F7-2D16-4990-9DAB-E7A9EEC65586}.Debug|x64.Build.0 = Debug|x64
		{8B13F7F7-2D16-4990-9DAB-E7A9EEC65586}.Debug|x64.Deploy.0 = Debug|x64
		{8B13F7F7-2D16-4990-9DAB-E7A9EEC65586}.Release|Win32.ActiveCfg = Release|Win32
		{8B13F7F7-2D16-4990-9DAB-E7A9EEC65586}.Release|Win32.Build.0 = Release|Win32
		{8B13F7F7-2D16-4990-9DAB-E7A9EEC65586}.Release|Win32.Deploy.0 = Release|Win32
		{8B13F7F7-2D16-4990-9DAB-E7A9EEC65586}.Release|x64.ActiveCfg = Release|x64
		{8B13F7F7-2D16-4990-9DAB-E7A9EEC65586}.Release|x64.Build.0 = Release|x64
		{8B13F7F7-2D16-4990-9DAB-E7A9EEC65586}.Release|x64.Deploy.0 = Release|x64
		{05A4B408-D034-4BA0-8328-92F80D1C16E0}.Debug|Win32.ActiveCfg = Debug|Win32
		{05A4B408-D034-4BA0-8328-92F80D1C16E0}.Debug|Win32.Build.0 = Debug|Win32
		{05A4B408-D034-4BA0-8328-92F80D1C16E0}.Debug|Win32.Deploy.0 = Debug|Win32
		{05A4B408-D034-4BA0-8328-92F80D1C16E0}.Debug|x64.ActiveCfg = Debug|x64
		{05A4B408-D034-4BA0-8328-92F80D1C16E0}.Debug|x64.Build.0 = Debug|x64
		{05A4B408-D034-4BA0-8328-92F80D1C16E0}.Debug|x64.Deploy.0 = Debug|x64
		{05A4B408-D034-4BA0-8328-92F80D1C16E0}.Release|Win32.ActiveCfg = Release|Win32
		{05A4B408-D034-4BA0-8328-92F80D1C16E0}.Release|Win32.Build.0 = Release|Win32
		{05A4B408-D034-4BA0-8328-92F80D1C16E0}.Release|Win32.Deploy.0 = Release|Win32
		{05A4B408-D034-4BA0-8328-92F80D1C16E0}.Release|x64.ActiveCfg = Release|x64
		{05A4B408-D034-4BA0-8328-92F80D1C16E0}.Release|x64.Build.0 = Release|x64
		{05A4B408-D034-4BA0-8328-92F80D1C16E0}.Release|x64.Deploy.0 = Release|x64
		{2929D3CF-5C32-458D-A70A-6455084F69B8}.Debug|Win32.ActiveCfg = Debug|Win32
		{2929D3CF-5C32-458D-A70A-6455084F69B8}.Debug|Win32.Build.0 = Debug|Win32
		{2929D3CF-5C32-458D-A70A-6455084F69B8}.Debug|Win32.Deploy.0 = Debug|Win32
		{2929D3CF-5C32-458D-A70A-6455084F69B8}.Debug|x64.ActiveCfg = Debug|x64
		{2929D3CF-5C32-458D-A70A-6455084F69B8}.Debug|x64.Build.0 = Debug|x64
		{2929D3CF-5C32-458D-A70A-6455084F69B8}.Debug|x64.Deploy.0 = Debug|x64
		{2929D3CF-5C32-458D-A70A-6455084F69B8}.Release|Win32.ActiveCfg = Release|Win32
		{2929D3CF-5C32-458D-A70A-6455084F69B8}.Release|Win32.Build.0 = Release|Win32
		{2929D3CF-5C32-458D-A70A-6455084F69B8}.Release|Win32.Deploy.0 = Release|Win32
		{2929D3CF-5C32-458D-A70A-6455084F69B8}.Release|x64.ActiveCfg = Release|x64
		{2929D3CF-5C32-458D-A70A-6455084F69B8}.Release|x64.Build.0 = Release|x64
		{2929D3CF-5C32-458D-A70A-6455084F69B8}.Release|x64.Deploy.0 = Release|x64
		{D6026FDD-0D49-454A-A011-6C91CB46BE76}.Debug|Win32.ActiveCfg = Debug|Win32
		{D6026FDD-0D49-454A-A011-6C91CB46BE76}.Debug|Win32.Build.0 = Debug|Win32
		{D6026FDD-0D49-454A-A011-6C91CB46BE76}.Debug|Win32.Deploy.0 = Debug|Win32
		{D6026FDD-0D49-454A-A011-6C91CB46BE76}.Debug|x64.ActiveCfg = Debug|x64
		{D6026FDD-0D49-454A-A011-6C91CB46BE76}.Debug|x64.Build.0 = Debug|x64
		{D6026FDD-0D49-454A-A011-6C91CB46BE76}.Debug|x64.Deploy.0 = Debug|x64
		{D6026FDD-0D49-454A-A011-6C91CB46BE76}.Release|Win32.ActiveCfg = Release|Win32
		{D6026FDD-0D49-454A-A011-6C91CB46BE76}.Release|Win32.Build.0 = Release|Win32
		{D6026FDD-0D49-454A-A011-6C91CB46BE76}.Release|Win32.Deploy.0 = Release|Win32
		{D6026FDD-0D49-454A-A011-6C91CB46BE76}.Release|x64.ActiveCfg = Release|x64
		{D6026FDD-0D49-454A-A011-6C91CB46BE76}.Release|x64.Build.0 = Release|x64
		{D6026FDD-0D49-454A-A011-6C91CB46BE76}.Release|x64.Deploy.0 = Release|x64
		{5E61858D-9255-4EEB-9AF1-09A846346C48}.Debug|Win32.ActiveCfg = Debug|Win32
		{5E61858D-9255-4EEB-9AF1-09A846346C48}.Debug|Win32.Build.0 = Debug|Win32
		{5E61858D-9255-4EEB-9AF1-09A846346C48}.Debug|Win32.Deploy.0 = Debug|Win32
		{5E61858D-9255-4EEB-9AF1-09A846346C48}.Debug|x64.ActiveCfg = Debug|x64
		{5E61858D-9255-4EEB-9AF1-09A846346C48}.Debug|x64.Build.0 = Debug|x64
		{5E61858D-9255-4EEB-9AF1-09A846346C48}.Debug|x64.Deploy.0 = Debug|x64
		{5E61858D-9255-4EEB-9AF1-09A846346C48}.Release|Win32.ActiveCfg = Release|Win32
		{5E61858D-9255-4EEB-9AF1-09A846346C48}.Release|Win32.Build.0 = Release|Win32
		{5E61858D-9255-4EEB-9AF1-09A846346C48}.Release|Win32.Deploy.0 = Release|Win32
		{5E61858D-9255-4EEB-9AF1-09A846346C48}.Release|x64.ActiveCfg = Release|x64
		{5E61858D-9255-4EEB-9AF1-09A846346C48}.Release|x64.Build.0 = Release|x64
		{5E61858D-9255-4EEB-9AF1-09A846346C48}.Release|x64.Deploy.0 = Release|x64
		{B0B7B0AB-7ACC-4165-95F1-88F351C1532A}.Debug|Win32.ActiveCfg = Debug|Win32
		{B0B7B0AB-7ACC-4165-95F1-88F351C1532A}.Debug|Win32.Build.0 = Debug|Win32
		{B0B7B0AB-7ACC-4165-95F1-88F351C1532A}.Debug|Win32.Deploy.0 = Debug|Win32
		{B0B7B0AB-7ACC-4165-95F1-88F351C1532A}.Debug|x64.ActiveCfg = Debug|x64
		{B0B7B0AB-7ACC-4165-95F1-88F351C1532A}.Debug|x64.Build.0 = Debug|x64
		{B0B7B0AB-7ACC-4165-95F1-88F351C1532A}.Debug|x64.Deploy.0 = Debug|x64
		{B0B7B0AB-7ACC-4165-95F1-88F351C1532A}.Release|Win32.ActiveCfg = Release|Win32
		{B0B7B0AB-7ACC-4165-95F1-88F351C1532A}.Release|Win32.Build.0 = Release|Win32
		{B0B7B0AB-7ACC-4165-95F1-88F351C1532A}.Release|Win32.Deploy.0 = Release|Win32
		{B0B7B0AB-7ACC-4165-95F1-88F351C1532A}.Release|x64.ActiveCfg = Release|x64
		{B0B7B0AB-7ACC-4165-95F1-88F351C1532A}.Release|x64.Build.0 = Release|x64
		{B0B7B0AB-7ACC-4165-95F1-88F351C1532A}.Release|x64.Deploy.0 = Release|x64
	EndGlobalSection
	GlobalSection(SolutionProperties) = preSolution
		HideSolutionNode = FALSE
	EndGlobalSection
EndGlobal
